PODS:
  - BLWebSocketsServer (0.1.0)
  - GCDWebServer (1.2.2)
  - JSONModel (0.12.0)

DEPENDENCIES:
  - BLWebSocketsServer (from `https://github.com/Jian130/BLWebSocketsServer`)
  - GCDWebServer (~> 1.2.2)
  - JSONModel

EXTERNAL SOURCES:
  BLWebSocketsServer:
    :git: https://github.com/Jian130/BLWebSocketsServer

SPEC CHECKSUMS:
  BLWebSocketsServer: 5ddfeb5df590a5a8ac1d44bde51d7839f961e55a
  GCDWebServer: d271fd9cf2a229e90416afbb04474c17afa123a7
  JSONModel: f391da60a15e11f8fa8950fb980b8f799ae3453f

COCOAPODS: 0.29.0
